
Microsoft Visual Studio Solution File, Format Version 12.00
# Visual Studio 15
Project("{FAE04EC0-301F-11D3-BF4B-00C04F79EFBC}") = "TestNetStandardApp.iOS", "TestNetStandardApp.iOS\TestNetStandardApp.iOS.csproj", "{C7775981-34A4-48A1-B29C-6C0E9A0CF898}"
EndProject
Project("{FAE04EC0-301F-11D3-BF4B-00C04F79EFBC}") = "TestNetStandardApp", "TestNetStandardApp\TestNetStandardApp.csproj", "{74ECC131-0D41-4A15-8543-DB68565D4A31}"
EndProject
Global
	GlobalSection(SolutionConfigurationPlatforms) = preSolution
		Debug|Any CPU = Debug|Any CPU
		Release|Any CPU = Release|Any CPU
		Debug|iPhoneSimulator = Debug|iPhoneSimulator
		Release|iPhoneSimulator = Release|iPhoneSimulator
		Debug|iPhone = Debug|iPhone
		Release|iPhone = Release|iPhone
	EndGlobalSection
	GlobalSection(ProjectConfigurationPlatforms) = postSolution
		{C7775981-34A4-48A1-B29C-6C0E9A0CF898}.Debug|iPhoneSimulator.ActiveCfg = Debug|iPhoneSimulator
		{C7775981-34A4-48A1-B29C-6C0E9A0CF898}.Debug|iPhoneSimulator.Build.0 = Debug|iPhoneSimulator
		{C7775981-34A4-48A1-B29C-6C0E9A0CF898}.Release|iPhoneSimulator.ActiveCfg = Release|iPhoneSimulator
		{C7775981-34A4-48A1-B29C-6C0E9A0CF898}.Release|iPhoneSimulator.Build.0 = Release|iPhoneSimulator
		{C7775981-34A4-48A1-B29C-6C0E9A0CF898}.Debug|iPhone.ActiveCfg = Debug|iPhone
		{C7775981-34A4-48A1-B29C-6C0E9A0CF898}.Debug|iPhone.Build.0 = Debug|iPhone
		{C7775981-34A4-48A1-B29C-6C0E9A0CF898}.Release|iPhone.ActiveCfg = Release|iPhone
		{C7775981-34A4-48A1-B29C-6C0E9A0CF898}.Release|iPhone.Build.0 = Release|iPhone
		{74ECC131-0D41-4A15-8543-DB68565D4A31}.Debug|iPhoneSimulator.ActiveCfg = Debug|Any CPU
		{74ECC131-0D41-4A15-8543-DB68565D4A31}.Debug|iPhoneSimulator.Build.0 = Debug|Any CPU
		{74ECC131-0D41-4A15-8543-DB68565D4A31}.Release|iPhoneSimulator.ActiveCfg = Release|Any CPU
		{74ECC131-0D41-4A15-8543-DB68565D4A31}.Release|iPhoneSimulator.Build.0 = Release|Any CPU
		{74ECC131-0D41-4A15-8543-DB68565D4A31}.Debug|iPhone.ActiveCfg = Debug|Any CPU
		{74ECC131-0D41-4A15-8543-DB68565D4A31}.Debug|iPhone.Build.0 = Debug|Any CPU
		{74ECC131-0D41-4A15-8543-DB68565D4A31}.Release|iPhone.ActiveCfg = Release|Any CPU
		{74ECC131-0D41-4A15-8543-DB68565D4A31}.Release|iPhone.Build.0 = Release|Any CPU
	EndGlobalSection
EndGlobal
